// !$*UTF8*$!
{
	archiveVersion = 1;
	classes = {
	};
	objectVersion = 50;
	objects = {

/* Begin PBXBuildFile section */
		180D6E3823618FBE00762C43 /* izue-1.mp4 in Resources */ = {isa = PBXBuildFile; fileRef = 180D6E3623618FA000762C43 /* izue-1.mp4 */; };
		180D6E3923618FBE00762C43 /* izue-2.mp4 in Resources */ = {isa = PBXBuildFile; fileRef = 180D6E2523618F9F00762C43 /* izue-2.mp4 */; };
		180D6E3A23618FBE00762C43 /* kim-1.mp4 in Resources */ = {isa = PBXBuildFile; fileRef = 180D6E2A23618F9F00762C43 /* kim-1.mp4 */; };
		180D6E3B23618FBE00762C43 /* kim-2.mp4 in Resources */ = {isa = PBXBuildFile; fileRef = 180D6E2F23618FA000762C43 /* kim-2.mp4 */; };
		180D6E3C23618FBE00762C43 /* komori-1.mp4 in Resources */ = {isa = PBXBuildFile; fileRef = 180D6E2123618F9F00762C43 /* komori-1.mp4 */; };
		180D6E3D23618FBE00762C43 /* masuyama-1.mp4 in Resources */ = {isa = PBXBuildFile; fileRef = 180D6E2623618F9F00762C43 /* masuyama-1.mp4 */; };
		180D6E3E23618FBE00762C43 /* masuyama-2.mp4 in Resources */ = {isa = PBXBuildFile; fileRef = 180D6E3423618FA000762C43 /* masuyama-2.mp4 */; };
		180D6E3F23618FBE00762C43 /* nakai-1.mp4 in Resources */ = {isa = PBXBuildFile; fileRef = 180D6E3123618FA000762C43 /* nakai-1.mp4 */; };
		180D6E4023618FBE00762C43 /* nakai-2.mp4 in Resources */ = {isa = PBXBuildFile; fileRef = 180D6E3723618FA000762C43 /* nakai-2.mp4 */; };
		180D6E4123618FBE00762C43 /* sawada-1.mp4 in Resources */ = {isa = PBXBuildFile; fileRef = 180D6E3323618FA000762C43 /* sawada-1.mp4 */; };
		180D6E4223618FBE00762C43 /* sawada-2.mp4 in Resources */ = {isa = PBXBuildFile; fileRef = 180D6E2323618F9F00762C43 /* sawada-2.mp4 */; };
		180D6E4323618FBE00762C43 /* shigenaga-1.mp4 in Resources */ = {isa = PBXBuildFile; fileRef = 180D6E2E23618FA000762C43 /* shigenaga-1.mp4 */; };
		180D6E4423618FBE00762C43 /* shigenaga-2.mp4 in Resources */ = {isa = PBXBuildFile; fileRef = 180D6E2723618F9F00762C43 /* shigenaga-2.mp4 */; };
		180D6E4523618FBE00762C43 /* shimaoka-1.mp4 in Resources */ = {isa = PBXBuildFile; fileRef = 180D6E2C23618FA000762C43 /* shimaoka-1.mp4 */; };
		180D6E4623618FBE00762C43 /* shimaoka-2.mp4 in Resources */ = {isa = PBXBuildFile; fileRef = 180D6E2923618F9F00762C43 /* shimaoka-2.mp4 */; };
		180D6E4723618FBE00762C43 /* suzuki-1.mp4 in Resources */ = {isa = PBXBuildFile; fileRef = 180D6E3223618FA000762C43 /* suzuki-1.mp4 */; };
		180D6E4823618FBE00762C43 /* suzuki-2.mp4 in Resources */ = {isa = PBXBuildFile; fileRef = 180D6E3523618FA000762C43 /* suzuki-2.mp4 */; };
		180D6E4923618FBE00762C43 /* tsuchida-1.mp4 in Resources */ = {isa = PBXBuildFile; fileRef = 180D6E2423618F9F00762C43 /* tsuchida-1.mp4 */; };
		180D6E4A23618FBE00762C43 /* tsuchida-2.mp4 in Resources */ = {isa = PBXBuildFile; fileRef = 180D6E2D23618FA000762C43 /* tsuchida-2.mp4 */; };
		180D6E4B23618FBE00762C43 /* woods-1.mp4 in Resources */ = {isa = PBXBuildFile; fileRef = 180D6E2B23618FA000762C43 /* woods-1.mp4 */; };
		180D6E4C23618FBE00762C43 /* woods-2.mp4 in Resources */ = {isa = PBXBuildFile; fileRef = 180D6E2023618F9F00762C43 /* woods-2.mp4 */; };
		180D6E4D23618FBE00762C43 /* yoshida-1.mp4 in Resources */ = {isa = PBXBuildFile; fileRef = 180D6E1F23618F9F00762C43 /* yoshida-1.mp4 */; };
		180D6E4E23618FBE00762C43 /* yoshida-2.mp4 in Resources */ = {isa = PBXBuildFile; fileRef = 180D6E3023618FA000762C43 /* yoshida-2.mp4 */; };
		180D6E4F23618FBE00762C43 /* yoshioka-1.mp4 in Resources */ = {isa = PBXBuildFile; fileRef = 180D6E2223618F9F00762C43 /* yoshioka-1.mp4 */; };
		180D6E5023618FBE00762C43 /* yoshioka-2.mp4 in Resources */ = {isa = PBXBuildFile; fileRef = 180D6E2823618F9F00762C43 /* yoshioka-2.mp4 */; };
		18342CC22354347D0056EDC8 /* GameOverViewController.swift in Sources */ = {isa = PBXBuildFile; fileRef = 18342CC12354347D0056EDC8 /* GameOverViewController.swift */; };
		18342CC4235470A90056EDC8 /* QuestManager.swift in Sources */ = {isa = PBXBuildFile; fileRef = 18342CC3235470A90056EDC8 /* QuestManager.swift */; };
		18342CCA2355E7030056EDC8 /* ScoreManager.swift in Sources */ = {isa = PBXBuildFile; fileRef = 18342CC92355E7030056EDC8 /* ScoreManager.swift */; };
		18342CCC235683600056EDC8 /* AlertView.swift in Sources */ = {isa = PBXBuildFile; fileRef = 18342CCB235683600056EDC8 /* AlertView.swift */; };
		18342CCE2356836B0056EDC8 /* AlertView.xib in Resources */ = {isa = PBXBuildFile; fileRef = 18342CCD2356836B0056EDC8 /* AlertView.xib */; };
		183DD331235B1B02003993BD /* quests.json in Resources */ = {isa = PBXBuildFile; fileRef = 183DD330235B0E43003993BD /* quests.json */; };
		18841ACF2352AB8C00237DC7 /* black-1.mov in Resources */ = {isa = PBXBuildFile; fileRef = 18C188642351B111005E2173 /* black-1.mov */; };
		18841AD12352EF6300237DC7 /* StartButton.swift in Sources */ = {isa = PBXBuildFile; fileRef = 18841AD02352EF6300237DC7 /* StartButton.swift */; };
		18841AD32352F24400237DC7 /* StatusView.swift in Sources */ = {isa = PBXBuildFile; fileRef = 18841AD22352F24400237DC7 /* StatusView.swift */; };
		18841AD52352F24F00237DC7 /* StatusView.xib in Resources */ = {isa = PBXBuildFile; fileRef = 18841AD42352F24F00237DC7 /* StatusView.xib */; };
		18841AD82352F5B200237DC7 /* AutoLayout.swift in Sources */ = {isa = PBXBuildFile; fileRef = 18841AD72352F5B200237DC7 /* AutoLayout.swift */; };
		18841ADA2352F8D000237DC7 /* RemainTimerManager.swift in Sources */ = {isa = PBXBuildFile; fileRef = 18841AD92352F8D000237DC7 /* RemainTimerManager.swift */; };
		18841ADC2352FEE700237DC7 /* Sttings.swift in Sources */ = {isa = PBXBuildFile; fileRef = 18841ADB2352FEE700237DC7 /* Sttings.swift */; };
		18841ADE23531B1E00237DC7 /* ChoiseAnswerView.swift in Sources */ = {isa = PBXBuildFile; fileRef = 18841ADD23531B1E00237DC7 /* ChoiseAnswerView.swift */; };
		18841AE023531B3400237DC7 /* ChoiseAnswerView.xib in Resources */ = {isa = PBXBuildFile; fileRef = 18841ADF23531B3400237DC7 /* ChoiseAnswerView.xib */; };
		18841AE52353222E00237DC7 /* AnswerButton.swift in Sources */ = {isa = PBXBuildFile; fileRef = 18841AE42353222E00237DC7 /* AnswerButton.swift */; };
		18841AE723533B7000237DC7 /* ShowableView.swift in Sources */ = {isa = PBXBuildFile; fileRef = 18841AE623533B7000237DC7 /* ShowableView.swift */; };
		18841AE923534DD200237DC7 /* GuideWayView.swift in Sources */ = {isa = PBXBuildFile; fileRef = 18841AE823534DD200237DC7 /* GuideWayView.swift */; };
		18841AEB23534DDE00237DC7 /* GuideWayView.xib in Resources */ = {isa = PBXBuildFile; fileRef = 18841AEA23534DDE00237DC7 /* GuideWayView.xib */; };
		18C188532351AD48005E2173 /* AppDelegate.swift in Sources */ = {isa = PBXBuildFile; fileRef = 18C188522351AD48005E2173 /* AppDelegate.swift */; };
		18C188552351AD48005E2173 /* ViewController.swift in Sources */ = {isa = PBXBuildFile; fileRef = 18C188542351AD48005E2173 /* ViewController.swift */; };
		18C188582351AD48005E2173 /* Main.storyboard in Resources */ = {isa = PBXBuildFile; fileRef = 18C188562351AD48005E2173 /* Main.storyboard */; };
		18C1885A2351AD4B005E2173 /* Assets.xcassets in Resources */ = {isa = PBXBuildFile; fileRef = 18C188592351AD4B005E2173 /* Assets.xcassets */; };
		18C1885D2351AD4B005E2173 /* LaunchScreen.storyboard in Resources */ = {isa = PBXBuildFile; fileRef = 18C1885B2351AD4B005E2173 /* LaunchScreen.storyboard */; };
		18CC7B03235EE2EB001EA852 /* Crashlytics.framework in Frameworks */ = {isa = PBXBuildFile; fileRef = 18CC7B01235EE2EB001EA852 /* Crashlytics.framework */; };
		18CC7B04235EE2EB001EA852 /* Fabric.framework in Frameworks */ = {isa = PBXBuildFile; fileRef = 18CC7B02235EE2EB001EA852 /* Fabric.framework */; };
		91B3EC5EC01164F3C8CA2F64 /* Pods_arar_tankentai.framework in Frameworks */ = {isa = PBXBuildFile; fileRef = 453B70512282C64F95A69098 /* Pods_arar_tankentai.framework */; };
/* End PBXBuildFile section */

/* Begin PBXFileReference section */
		180D6E1F23618F9F00762C43 /* yoshida-1.mp4 */ = {isa = PBXFileReference; lastKnownFileType = file; path = "yoshida-1.mp4"; sourceTree = "<group>"; };
		180D6E2023618F9F00762C43 /* woods-2.mp4 */ = {isa = PBXFileReference; lastKnownFileType = file; path = "woods-2.mp4"; sourceTree = "<group>"; };
		180D6E2123618F9F00762C43 /* komori-1.mp4 */ = {isa = PBXFileReference; lastKnownFileType = file; path = "komori-1.mp4"; sourceTree = "<group>"; };
		180D6E2223618F9F00762C43 /* yoshioka-1.mp4 */ = {isa = PBXFileReference; lastKnownFileType = file; path = "yoshioka-1.mp4"; sourceTree = "<group>"; };
		180D6E2323618F9F00762C43 /* sawada-2.mp4 */ = {isa = PBXFileReference; lastKnownFileType = file; path = "sawada-2.mp4"; sourceTree = "<group>"; };
		180D6E2423618F9F00762C43 /* tsuchida-1.mp4 */ = {isa = PBXFileReference; lastKnownFileType = file; path = "tsuchida-1.mp4"; sourceTree = "<group>"; };
		180D6E2523618F9F00762C43 /* izue-2.mp4 */ = {isa = PBXFileReference; lastKnownFileType = file; path = "izue-2.mp4"; sourceTree = "<group>"; };
		180D6E2623618F9F00762C43 /* masuyama-1.mp4 */ = {isa = PBXFileReference; lastKnownFileType = file; path = "masuyama-1.mp4"; sourceTree = "<group>"; };
		180D6E2723618F9F00762C43 /* shigenaga-2.mp4 */ = {isa = PBXFileReference; lastKnownFileType = file; path = "shigenaga-2.mp4"; sourceTree = "<group>"; };
		180D6E2823618F9F00762C43 /* yoshioka-2.mp4 */ = {isa = PBXFileReference; lastKnownFileType = file; path = "yoshioka-2.mp4"; sourceTree = "<group>"; };
		180D6E2923618F9F00762C43 /* shimaoka-2.mp4 */ = {isa = PBXFileReference; lastKnownFileType = file; path = "shimaoka-2.mp4"; sourceTree = "<group>"; };
		180D6E2A23618F9F00762C43 /* kim-1.mp4 */ = {isa = PBXFileReference; lastKnownFileType = file; path = "kim-1.mp4"; sourceTree = "<group>"; };
		180D6E2B23618FA000762C43 /* woods-1.mp4 */ = {isa = PBXFileReference; lastKnownFileType = file; path = "woods-1.mp4"; sourceTree = "<group>"; };
		180D6E2C23618FA000762C43 /* shimaoka-1.mp4 */ = {isa = PBXFileReference; lastKnownFileType = file; path = "shimaoka-1.mp4"; sourceTree = "<group>"; };
		180D6E2D23618FA000762C43 /* tsuchida-2.mp4 */ = {isa = PBXFileReference; lastKnownFileType = file; path = "tsuchida-2.mp4"; sourceTree = "<group>"; };
		180D6E2E23618FA000762C43 /* shigenaga-1.mp4 */ = {isa = PBXFileReference; lastKnownFileType = file; path = "shigenaga-1.mp4"; sourceTree = "<group>"; };
		180D6E2F23618FA000762C43 /* kim-2.mp4 */ = {isa = PBXFileReference; lastKnownFileType = file; path = "kim-2.mp4"; sourceTree = "<group>"; };
		180D6E3023618FA000762C43 /* yoshida-2.mp4 */ = {isa = PBXFileReference; lastKnownFileType = file; path = "yoshida-2.mp4"; sourceTree = "<group>"; };
		180D6E3123618FA000762C43 /* nakai-1.mp4 */ = {isa = PBXFileReference; lastKnownFileType = file; path = "nakai-1.mp4"; sourceTree = "<group>"; };
		180D6E3223618FA000762C43 /* suzuki-1.mp4 */ = {isa = PBXFileReference; lastKnownFileType = file; path = "suzuki-1.mp4"; sourceTree = "<group>"; };
		180D6E3323618FA000762C43 /* sawada-1.mp4 */ = {isa = PBXFileReference; lastKnownFileType = file; path = "sawada-1.mp4"; sourceTree = "<group>"; };
		180D6E3423618FA000762C43 /* masuyama-2.mp4 */ = {isa = PBXFileReference; lastKnownFileType = file; path = "masuyama-2.mp4"; sourceTree = "<group>"; };
		180D6E3523618FA000762C43 /* suzuki-2.mp4 */ = {isa = PBXFileReference; lastKnownFileType = file; path = "suzuki-2.mp4"; sourceTree = "<group>"; };
		180D6E3623618FA000762C43 /* izue-1.mp4 */ = {isa = PBXFileReference; lastKnownFileType = file; path = "izue-1.mp4"; sourceTree = "<group>"; };
		180D6E3723618FA000762C43 /* nakai-2.mp4 */ = {isa = PBXFileReference; lastKnownFileType = file; path = "nakai-2.mp4"; sourceTree = "<group>"; };
		18342CC12354347D0056EDC8 /* GameOverViewController.swift */ = {isa = PBXFileReference; lastKnownFileType = sourcecode.swift; path = GameOverViewController.swift; sourceTree = "<group>"; };
		18342CC3235470A90056EDC8 /* QuestManager.swift */ = {isa = PBXFileReference; lastKnownFileType = sourcecode.swift; path = QuestManager.swift; sourceTree = "<group>"; };
		18342CC92355E7030056EDC8 /* ScoreManager.swift */ = {isa = PBXFileReference; lastKnownFileType = sourcecode.swift; path = ScoreManager.swift; sourceTree = "<group>"; };
		18342CCB235683600056EDC8 /* AlertView.swift */ = {isa = PBXFileReference; lastKnownFileType = sourcecode.swift; path = AlertView.swift; sourceTree = "<group>"; };
		18342CCD2356836B0056EDC8 /* AlertView.xib */ = {isa = PBXFileReference; lastKnownFileType = file.xib; path = AlertView.xib; sourceTree = "<group>"; };
		183DD330235B0E43003993BD /* quests.json */ = {isa = PBXFileReference; lastKnownFileType = text.json; path = quests.json; sourceTree = "<group>"; };
		18841AD02352EF6300237DC7 /* StartButton.swift */ = {isa = PBXFileReference; lastKnownFileType = sourcecode.swift; path = StartButton.swift; sourceTree = "<group>"; };
		18841AD22352F24400237DC7 /* StatusView.swift */ = {isa = PBXFileReference; lastKnownFileType = sourcecode.swift; path = StatusView.swift; sourceTree = "<group>"; };
		18841AD42352F24F00237DC7 /* StatusView.xib */ = {isa = PBXFileReference; lastKnownFileType = file.xib; path = StatusView.xib; sourceTree = "<group>"; };
		18841AD72352F5B200237DC7 /* AutoLayout.swift */ = {isa = PBXFileReference; lastKnownFileType = sourcecode.swift; path = AutoLayout.swift; sourceTree = "<group>"; };
		18841AD92352F8D000237DC7 /* RemainTimerManager.swift */ = {isa = PBXFileReference; lastKnownFileType = sourcecode.swift; path = RemainTimerManager.swift; sourceTree = "<group>"; };
		18841ADB2352FEE700237DC7 /* Sttings.swift */ = {isa = PBXFileReference; lastKnownFileType = sourcecode.swift; path = Sttings.swift; sourceTree = "<group>"; };
		18841ADD23531B1E00237DC7 /* ChoiseAnswerView.swift */ = {isa = PBXFileReference; lastKnownFileType = sourcecode.swift; path = ChoiseAnswerView.swift; sourceTree = "<group>"; };
		18841ADF23531B3400237DC7 /* ChoiseAnswerView.xib */ = {isa = PBXFileReference; lastKnownFileType = file.xib; path = ChoiseAnswerView.xib; sourceTree = "<group>"; };
		18841AE42353222E00237DC7 /* AnswerButton.swift */ = {isa = PBXFileReference; lastKnownFileType = sourcecode.swift; path = AnswerButton.swift; sourceTree = "<group>"; };
		18841AE623533B7000237DC7 /* ShowableView.swift */ = {isa = PBXFileReference; lastKnownFileType = sourcecode.swift; path = ShowableView.swift; sourceTree = "<group>"; };
		18841AE823534DD200237DC7 /* GuideWayView.swift */ = {isa = PBXFileReference; lastKnownFileType = sourcecode.swift; path = GuideWayView.swift; sourceTree = "<group>"; };
		18841AEA23534DDE00237DC7 /* GuideWayView.xib */ = {isa = PBXFileReference; lastKnownFileType = file.xib; path = GuideWayView.xib; sourceTree = "<group>"; };
		18C1884F2351AD48005E2173 /* ARAR探検隊.app */ = {isa = PBXFileReference; explicitFileType = wrapper.application; includeInIndex = 0; path = "ARAR探検隊.app"; sourceTree = BUILT_PRODUCTS_DIR; };
		18C188522351AD48005E2173 /* AppDelegate.swift */ = {isa = PBXFileReference; lastKnownFileType = sourcecode.swift; path = AppDelegate.swift; sourceTree = "<group>"; };
		18C188542351AD48005E2173 /* ViewController.swift */ = {isa = PBXFileReference; lastKnownFileType = sourcecode.swift; path = ViewController.swift; sourceTree = "<group>"; };
		18C188572351AD48005E2173 /* Base */ = {isa = PBXFileReference; lastKnownFileType = file.storyboard; name = Base; path = Base.lproj/Main.storyboard; sourceTree = "<group>"; };
		18C188592351AD4B005E2173 /* Assets.xcassets */ = {isa = PBXFileReference; lastKnownFileType = folder.assetcatalog; path = Assets.xcassets; sourceTree = "<group>"; };
		18C1885C2351AD4B005E2173 /* Base */ = {isa = PBXFileReference; lastKnownFileType = file.storyboard; name = Base; path = Base.lproj/LaunchScreen.storyboard; sourceTree = "<group>"; };
		18C1885E2351AD4B005E2173 /* Info.plist */ = {isa = PBXFileReference; lastKnownFileType = text.plist.xml; path = Info.plist; sourceTree = "<group>"; };
		18C188642351B111005E2173 /* black-1.mov */ = {isa = PBXFileReference; lastKnownFileType = video.quicktime; path = "black-1.mov"; sourceTree = "<group>"; };
		18CC7B01235EE2EB001EA852 /* Crashlytics.framework */ = {isa = PBXFileReference; lastKnownFileType = wrapper.framework; path = Crashlytics.framework; sourceTree = SOURCE_ROOT; };
		18CC7B02235EE2EB001EA852 /* Fabric.framework */ = {isa = PBXFileReference; lastKnownFileType = wrapper.framework; path = Fabric.framework; sourceTree = SOURCE_ROOT; };
		453B70512282C64F95A69098 /* Pods_arar_tankentai.framework */ = {isa = PBXFileReference; explicitFileType = wrapper.framework; includeInIndex = 0; path = Pods_arar_tankentai.framework; sourceTree = BUILT_PRODUCTS_DIR; };
		51B55E0699FBB54139F6C9F4 /* Pods-arar-tankentai.release.xcconfig */ = {isa = PBXFileReference; includeInIndex = 1; lastKnownFileType = text.xcconfig; name = "Pods-arar-tankentai.release.xcconfig"; path = "Target Support Files/Pods-arar-tankentai/Pods-arar-tankentai.release.xcconfig"; sourceTree = "<group>"; };
		D6300E8B2B723FE7D0E801AE /* Pods-arar-tankentai.debug.xcconfig */ = {isa = PBXFileReference; includeInIndex = 1; lastKnownFileType = text.xcconfig; name = "Pods-arar-tankentai.debug.xcconfig"; path = "Target Support Files/Pods-arar-tankentai/Pods-arar-tankentai.debug.xcconfig"; sourceTree = "<group>"; };
/* End PBXFileReference section */

/* Begin PBXFrameworksBuildPhase section */
		18C1884C2351AD48005E2173 /* Frameworks */ = {
			isa = PBXFrameworksBuildPhase;
			buildActionMask = 2147483647;
			files = (
				18CC7B03235EE2EB001EA852 /* Crashlytics.framework in Frameworks */,
				18CC7B04235EE2EB001EA852 /* Fabric.framework in Frameworks */,
				91B3EC5EC01164F3C8CA2F64 /* Pods_arar_tankentai.framework in Frameworks */,
			);
			runOnlyForDeploymentPostprocessing = 0;
		};
/* End PBXFrameworksBuildPhase section */

/* Begin PBXGroup section */
		18342CCF235683710056EDC8 /* AlertView */ = {
			isa = PBXGroup;
			children = (
				18342CCB235683600056EDC8 /* AlertView.swift */,
				18342CCD2356836B0056EDC8 /* AlertView.xib */,
			);
			path = AlertView;
			sourceTree = "<group>";
		};
		183DD332235BEEE1003993BD /* videos */ = {
			isa = PBXGroup;
			children = (
				180D6E3623618FA000762C43 /* izue-1.mp4 */,
				180D6E2523618F9F00762C43 /* izue-2.mp4 */,
				180D6E2A23618F9F00762C43 /* kim-1.mp4 */,
				180D6E2F23618FA000762C43 /* kim-2.mp4 */,
				180D6E2123618F9F00762C43 /* komori-1.mp4 */,
				180D6E2623618F9F00762C43 /* masuyama-1.mp4 */,
				180D6E3423618FA000762C43 /* masuyama-2.mp4 */,
				180D6E3123618FA000762C43 /* nakai-1.mp4 */,
				180D6E3723618FA000762C43 /* nakai-2.mp4 */,
				180D6E3323618FA000762C43 /* sawada-1.mp4 */,
				180D6E2323618F9F00762C43 /* sawada-2.mp4 */,
				180D6E2E23618FA000762C43 /* shigenaga-1.mp4 */,
				180D6E2723618F9F00762C43 /* shigenaga-2.mp4 */,
				180D6E2C23618FA000762C43 /* shimaoka-1.mp4 */,
				180D6E2923618F9F00762C43 /* shimaoka-2.mp4 */,
				180D6E3223618FA000762C43 /* suzuki-1.mp4 */,
				180D6E3523618FA000762C43 /* suzuki-2.mp4 */,
				180D6E2423618F9F00762C43 /* tsuchida-1.mp4 */,
				180D6E2D23618FA000762C43 /* tsuchida-2.mp4 */,
				180D6E2B23618FA000762C43 /* woods-1.mp4 */,
				180D6E2023618F9F00762C43 /* woods-2.mp4 */,
				180D6E1F23618F9F00762C43 /* yoshida-1.mp4 */,
				180D6E3023618FA000762C43 /* yoshida-2.mp4 */,
				180D6E2223618F9F00762C43 /* yoshioka-1.mp4 */,
				180D6E2823618F9F00762C43 /* yoshioka-2.mp4 */,
				18C188642351B111005E2173 /* black-1.mov */,
			);
			path = videos;
			sourceTree = "<group>";
		};
		183DD333235BF0C9003993BD /* quests */ = {
			isa = PBXGroup;
			children = (
				183DD330235B0E43003993BD /* quests.json */,
			);
			path = quests;
			sourceTree = "<group>";
		};
		18841AD62352F25700237DC7 /* StatusView */ = {
			isa = PBXGroup;
			children = (
				18841AD22352F24400237DC7 /* StatusView.swift */,
				18841AD42352F24F00237DC7 /* StatusView.xib */,
			);
			path = StatusView;
			sourceTree = "<group>";
		};
		18841AE123531B3A00237DC7 /* ChoiseAnswerView */ = {
			isa = PBXGroup;
			children = (
				18841ADD23531B1E00237DC7 /* ChoiseAnswerView.swift */,
				18841ADF23531B3400237DC7 /* ChoiseAnswerView.xib */,
				18841AE42353222E00237DC7 /* AnswerButton.swift */,
			);
			path = ChoiseAnswerView;
			sourceTree = "<group>";
		};
		18841AEC23534DEE00237DC7 /* GuideWayView */ = {
			isa = PBXGroup;
			children = (
				18841AE823534DD200237DC7 /* GuideWayView.swift */,
				18841AEA23534DDE00237DC7 /* GuideWayView.xib */,
			);
			path = GuideWayView;
			sourceTree = "<group>";
		};
		18C188462351AD48005E2173 = {
			isa = PBXGroup;
			children = (
				18C188512351AD48005E2173 /* arar-tankentai */,
				18C188502351AD48005E2173 /* Products */,
				7FA5FBEC27299AB6D1DEC455 /* Pods */,
				2A80D6A97CC07B7B50E79189 /* Frameworks */,
			);
			sourceTree = "<group>";
			tabWidth = 4;
		};
		18C188502351AD48005E2173 /* Products */ = {
			isa = PBXGroup;
			children = (
				18C1884F2351AD48005E2173 /* ARAR探検隊.app */,
			);
			name = Products;
			sourceTree = "<group>";
		};
		18C188512351AD48005E2173 /* arar-tankentai */ = {
			isa = PBXGroup;
			children = (
				18C188522351AD48005E2173 /* AppDelegate.swift */,
				18841AD72352F5B200237DC7 /* AutoLayout.swift */,
				18C188542351AD48005E2173 /* ViewController.swift */,
				18342CC12354347D0056EDC8 /* GameOverViewController.swift */,
				18841ADB2352FEE700237DC7 /* Sttings.swift */,
				18841AD92352F8D000237DC7 /* RemainTimerManager.swift */,
				18342CC3235470A90056EDC8 /* QuestManager.swift */,
				183DD333235BF0C9003993BD /* quests */,
				18342CC92355E7030056EDC8 /* ScoreManager.swift */,
				18841AD02352EF6300237DC7 /* StartButton.swift */,
				18841AE623533B7000237DC7 /* ShowableView.swift */,
				18841AEC23534DEE00237DC7 /* GuideWayView */,
				18841AE123531B3A00237DC7 /* ChoiseAnswerView */,
				18841AD62352F25700237DC7 /* StatusView */,
				18342CCF235683710056EDC8 /* AlertView */,
				18C188562351AD48005E2173 /* Main.storyboard */,
				18C188592351AD4B005E2173 /* Assets.xcassets */,
				18C1885B2351AD4B005E2173 /* LaunchScreen.storyboard */,
				18C1885E2351AD4B005E2173 /* Info.plist */,
				183DD332235BEEE1003993BD /* videos */,
				18CC7B01235EE2EB001EA852 /* Crashlytics.framework */,
				18CC7B02235EE2EB001EA852 /* Fabric.framework */,
			);
			path = "arar-tankentai";
			sourceTree = "<group>";
		};
		2A80D6A97CC07B7B50E79189 /* Frameworks */ = {
			isa = PBXGroup;
			children = (
				453B70512282C64F95A69098 /* Pods_arar_tankentai.framework */,
			);
			name = Frameworks;
			sourceTree = "<group>";
		};
		7FA5FBEC27299AB6D1DEC455 /* Pods */ = {
			isa = PBXGroup;
			children = (
				D6300E8B2B723FE7D0E801AE /* Pods-arar-tankentai.debug.xcconfig */,
				51B55E0699FBB54139F6C9F4 /* Pods-arar-tankentai.release.xcconfig */,
			);
			name = Pods;
			path = Pods;
			sourceTree = "<group>";
		};
/* End PBXGroup section */

/* Begin PBXNativeTarget section */
		18C1884E2351AD48005E2173 /* arar-tankentai */ = {
			isa = PBXNativeTarget;
			buildConfigurationList = 18C188612351AD4B005E2173 /* Build configuration list for PBXNativeTarget "arar-tankentai" */;
			buildPhases = (
				9383D28C925FE1EE77F7E3B4 /* [CP] Check Pods Manifest.lock */,
				18C1884B2351AD48005E2173 /* Sources */,
				18C1884C2351AD48005E2173 /* Frameworks */,
				18C1884D2351AD48005E2173 /* Resources */,
				18CC7B00235EE0CB001EA852 /* ShellScript */,
				BBA5733F9B809D68D0F90DF8 /* [CP] Embed Pods Frameworks */,
			);
			buildRules = (
			);
			dependencies = (
			);
			name = "arar-tankentai";
			productName = "arar-tankentai";
			productReference = 18C1884F2351AD48005E2173 /* ARAR探検隊.app */;
			productType = "com.apple.product-type.application";
		};
/* End PBXNativeTarget section */

/* Begin PBXProject section */
		18C188472351AD48005E2173 /* Project object */ = {
			isa = PBXProject;
			attributes = {
				LastSwiftUpdateCheck = 1030;
				LastUpgradeCheck = 1030;
				ORGANIZATIONNAME = "Kaito Hattori";
				TargetAttributes = {
					18C1884E2351AD48005E2173 = {
						CreatedOnToolsVersion = 10.3;
					};
				};
			};
			buildConfigurationList = 18C1884A2351AD48005E2173 /* Build configuration list for PBXProject "arar-tankentai" */;
			compatibilityVersion = "Xcode 9.3";
			developmentRegion = en;
			hasScannedForEncodings = 0;
			knownRegions = (
				en,
				Base,
			);
			mainGroup = 18C188462351AD48005E2173;
			productRefGroup = 18C188502351AD48005E2173 /* Products */;
			projectDirPath = "";
			projectRoot = "";
			targets = (
				18C1884E2351AD48005E2173 /* arar-tankentai */,
			);
		};
/* End PBXProject section */

/* Begin PBXResourcesBuildPhase section */
		18C1884D2351AD48005E2173 /* Resources */ = {
			isa = PBXResourcesBuildPhase;
			buildActionMask = 2147483647;
			files = (
				180D6E3823618FBE00762C43 /* izue-1.mp4 in Resources */,
				180D6E3923618FBE00762C43 /* izue-2.mp4 in Resources */,
				180D6E3A23618FBE00762C43 /* kim-1.mp4 in Resources */,
				180D6E3B23618FBE00762C43 /* kim-2.mp4 in Resources */,
				180D6E3C23618FBE00762C43 /* komori-1.mp4 in Resources */,
				180D6E3D23618FBE00762C43 /* masuyama-1.mp4 in Resources */,
				180D6E3E23618FBE00762C43 /* masuyama-2.mp4 in Resources */,
				180D6E3F23618FBE00762C43 /* nakai-1.mp4 in Resources */,
				180D6E4023618FBE00762C43 /* nakai-2.mp4 in Resources */,
				180D6E4123618FBE00762C43 /* sawada-1.mp4 in Resources */,
				180D6E4223618FBE00762C43 /* sawada-2.mp4 in Resources */,
				180D6E4323618FBE00762C43 /* shigenaga-1.mp4 in Resources */,
				180D6E4423618FBE00762C43 /* shigenaga-2.mp4 in Resources */,
				180D6E4523618FBE00762C43 /* shimaoka-1.mp4 in Resources */,
				180D6E4623618FBE00762C43 /* shimaoka-2.mp4 in Resources */,
				180D6E4723618FBE00762C43 /* suzuki-1.mp4 in Resources */,
				180D6E4823618FBE00762C43 /* suzuki-2.mp4 in Resources */,
				180D6E4923618FBE00762C43 /* tsuchida-1.mp4 in Resources */,
				180D6E4A23618FBE00762C43 /* tsuchida-2.mp4 in Resources */,
				180D6E4B23618FBE00762C43 /* woods-1.mp4 in Resources */,
				180D6E4C23618FBE00762C43 /* woods-2.mp4 in Resources */,
				180D6E4D23618FBE00762C43 /* yoshida-1.mp4 in Resources */,
				180D6E4E23618FBE00762C43 /* yoshida-2.mp4 in Resources */,
				180D6E4F23618FBE00762C43 /* yoshioka-1.mp4 in Resources */,
				180D6E5023618FBE00762C43 /* yoshioka-2.mp4 in Resources */,
				18C1885D2351AD4B005E2173 /* LaunchScreen.storyboard in Resources */,
				18841AEB23534DDE00237DC7 /* GuideWayView.xib in Resources */,
				18C1885A2351AD4B005E2173 /* Assets.xcassets in Resources */,
				18841AD52352F24F00237DC7 /* StatusView.xib in Resources */,
				18C188582351AD48005E2173 /* Main.storyboard in Resources */,
				18342CCE2356836B0056EDC8 /* AlertView.xib in Resources */,
				18841AE023531B3400237DC7 /* ChoiseAnswerView.xib in Resources */,
				18841ACF2352AB8C00237DC7 /* black-1.mov in Resources */,
				183DD331235B1B02003993BD /* quests.json in Resources */,
			);
			runOnlyForDeploymentPostprocessing = 0;
		};
/* End PBXResourcesBuildPhase section */

/* Begin PBXShellScriptBuildPhase section */
		18CC7B00235EE0CB001EA852 /* ShellScript */ = {
			isa = PBXShellScriptBuildPhase;
			buildActionMask = 12;
			files = (
			);
			inputFileListPaths = (
			);
			inputPaths = (
			);
			outputFileListPaths = (
			);
			outputPaths = (
			);
			runOnlyForDeploymentPostprocessing = 0;
			shellPath = /bin/sh;
			shellScript = "./Fabric.framework/run c127828b76615ad03b8fe5950c815343aec4405d ab956a93aae72e88c425046ba8d65089e6ce7487706770f74475fb6271dce233\n";
		};
		9383D28C925FE1EE77F7E3B4 /* [CP] Check Pods Manifest.lock */ = {
			isa = PBXShellScriptBuildPhase;
			buildActionMask = 2147483647;
			files = (
			);
			inputFileListPaths = (
			);
			inputPaths = (
				"${PODS_PODFILE_DIR_PATH}/Podfile.lock",
				"${PODS_ROOT}/Manifest.lock",
			);
			name = "[CP] Check Pods Manifest.lock";
			outputFileListPaths = (
			);
			outputPaths = (
				"$(DERIVED_FILE_DIR)/Pods-arar-tankentai-checkManifestLockResult.txt",
			);
			runOnlyForDeploymentPostprocessing = 0;
			shellPath = /bin/sh;
			shellScript = "diff \"${PODS_PODFILE_DIR_PATH}/Podfile.lock\" \"${PODS_ROOT}/Manifest.lock\" > /dev/null\nif [ $? != 0 ] ; then\n    # print error to STDERR\n    echo \"error: The sandbox is not in sync with the Podfile.lock. Run 'pod install' or update your CocoaPods installation.\" >&2\n    exit 1\nfi\n# This output is used by Xcode 'outputs' to avoid re-running this script phase.\necho \"SUCCESS\" > \"${SCRIPT_OUTPUT_FILE_0}\"\n";
			showEnvVarsInLog = 0;
		};
		BBA5733F9B809D68D0F90DF8 /* [CP] Embed Pods Frameworks */ = {
			isa = PBXShellScriptBuildPhase;
			buildActionMask = 2147483647;
			files = (
			);
			inputFileListPaths = (
			);
			inputPaths = (
				"${PODS_ROOT}/Target Support Files/Pods-arar-tankentai/Pods-arar-tankentai-frameworks.sh",
				"${BUILT_PRODUCTS_DIR}/SCLAlertView/SCLAlertView.framework",
			);
			name = "[CP] Embed Pods Frameworks";
			outputFileListPaths = (
			);
			outputPaths = (
				"${TARGET_BUILD_DIR}/${FRAMEWORKS_FOLDER_PATH}/SCLAlertView.framework",
			);
			runOnlyForDeploymentPostprocessing = 0;
			shellPath = /bin/sh;
			shellScript = "\"${PODS_ROOT}/Target Support Files/Pods-arar-tankentai/Pods-arar-tankentai-frameworks.sh\"\n";
			showEnvVarsInLog = 0;
		};
/* End PBXShellScriptBuildPhase section */

/* Begin PBXSourcesBuildPhase section */
		18C1884B2351AD48005E2173 /* Sources */ = {
			isa = PBXSourcesBuildPhase;
			buildActionMask = 2147483647;
			files = (
				18C188552351AD48005E2173 /* ViewController.swift in Sources */,
				18841ADC2352FEE700237DC7 /* Sttings.swift in Sources */,
				18C188532351AD48005E2173 /* AppDelegate.swift in Sources */,
				18841AD32352F24400237DC7 /* StatusView.swift in Sources */,
				18841AD82352F5B200237DC7 /* AutoLayout.swift in Sources */,
				18342CCC235683600056EDC8 /* AlertView.swift in Sources */,
				18841AE723533B7000237DC7 /* ShowableView.swift in Sources */,
				18342CCA2355E7030056EDC8 /* ScoreManager.swift in Sources */,
				18342CC4235470A90056EDC8 /* QuestManager.swift in Sources */,
				18841AE52353222E00237DC7 /* AnswerButton.swift in Sources */,
				18841AD12352EF6300237DC7 /* StartButton.swift in Sources */,
				18342CC22354347D0056EDC8 /* GameOverViewController.swift in Sources */,
				18841AE923534DD200237DC7 /* GuideWayView.swift in Sources */,
				18841ADE23531B1E00237DC7 /* ChoiseAnswerView.swift in Sources */,
				18841ADA2352F8D000237DC7 /* RemainTimerManager.swift in Sources */,
			);
			runOnlyForDeploymentPostprocessing = 0;
		};
/* End PBXSourcesBuildPhase section */

/* Begin PBXVariantGroup section */
		18C188562351AD48005E2173 /* Main.storyboard */ = {
			isa = PBXVariantGroup;
			children = (
				18C188572351AD48005E2173 /* Base */,
			);
			name = Main.storyboard;
			sourceTree = "<group>";
		};
		18C1885B2351AD4B005E2173 /* LaunchScreen.storyboard */ = {
			isa = PBXVariantGroup;
			children = (
				18C1885C2351AD4B005E2173 /* Base */,
			);
			name = LaunchScreen.storyboard;
			sourceTree = "<group>";
		};
/* End PBXVariantGroup section */

/* Begin XCBuildConfiguration section */
		18C1885F2351AD4B005E2173 /* Debug */ = {
			isa = XCBuildConfiguration;
			buildSettings = {
				ALWAYS_SEARCH_USER_PATHS = NO;
				CLANG_ANALYZER_NONNULL = YES;
				CLANG_ANALYZER_NUMBER_OBJECT_CONVERSION = YES_AGGRESSIVE;
				CLANG_CXX_LANGUAGE_STANDARD = "gnu++14";
				CLANG_CXX_LIBRARY = "libc++";
				CLANG_ENABLE_MODULES = YES;
				CLANG_ENABLE_OBJC_ARC = YES;
				CLANG_ENABLE_OBJC_WEAK = YES;
				CLANG_WARN_BLOCK_CAPTURE_AUTORELEASING = YES;
				CLANG_WARN_BOOL_CONVERSION = YES;
				CLANG_WARN_COMMA = YES;
				CLANG_WARN_CONSTANT_CONVERSION = YES;
				CLANG_WARN_DEPRECATED_OBJC_IMPLEMENTATIONS = YES;
				CLANG_WARN_DIRECT_OBJC_ISA_USAGE = YES_ERROR;
				CLANG_WARN_DOCUMENTATION_COMMENTS = YES;
				CLANG_WARN_EMPTY_BODY = YES;
				CLANG_WARN_ENUM_CONVERSION = YES;
				CLANG_WARN_INFINITE_RECURSION = YES;
				CLANG_WARN_INT_CONVERSION = YES;
				CLANG_WARN_NON_LITERAL_NULL_CONVERSION = YES;
				CLANG_WARN_OBJC_IMPLICIT_RETAIN_SELF = YES;
				CLANG_WARN_OBJC_LITERAL_CONVERSION = YES;
				CLANG_WARN_OBJC_ROOT_CLASS = YES_ERROR;
				CLANG_WARN_RANGE_LOOP_ANALYSIS = YES;
				CLANG_WARN_STRICT_PROTOTYPES = YES;
				CLANG_WARN_SUSPICIOUS_MOVE = YES;
				CLANG_WARN_UNGUARDED_AVAILABILITY = YES_AGGRESSIVE;
				CLANG_WARN_UNREACHABLE_CODE = YES;
				CLANG_WARN__DUPLICATE_METHOD_MATCH = YES;
				CODE_SIGN_IDENTITY = "iPhone Developer";
				COPY_PHASE_STRIP = NO;
				DEBUG_INFORMATION_FORMAT = dwarf;
				ENABLE_STRICT_OBJC_MSGSEND = YES;
				ENABLE_TESTABILITY = YES;
				GCC_C_LANGUAGE_STANDARD = gnu11;
				GCC_DYNAMIC_NO_PIC = NO;
				GCC_NO_COMMON_BLOCKS = YES;
				GCC_OPTIMIZATION_LEVEL = 0;
				GCC_PREPROCESSOR_DEFINITIONS = (
					"DEBUG=1",
					"$(inherited)",
				);
				GCC_WARN_64_TO_32_BIT_CONVERSION = YES;
				GCC_WARN_ABOUT_RETURN_TYPE = YES_ERROR;
				GCC_WARN_UNDECLARED_SELECTOR = YES;
				GCC_WARN_UNINITIALIZED_AUTOS = YES_AGGRESSIVE;
				GCC_WARN_UNUSED_FUNCTION = YES;
				GCC_WARN_UNUSED_VARIABLE = YES;
				IPHONEOS_DEPLOYMENT_TARGET = 12.4;
				MTL_ENABLE_DEBUG_INFO = INCLUDE_SOURCE;
				MTL_FAST_MATH = YES;
				ONLY_ACTIVE_ARCH = YES;
				SDKROOT = iphoneos;
				SWIFT_ACTIVE_COMPILATION_CONDITIONS = DEBUG;
				SWIFT_OPTIMIZATION_LEVEL = "-Onone";
			};
			name = Debug;
		};
		18C188602351AD4B005E2173 /* Release */ = {
			isa = XCBuildConfiguration;
			buildSettings = {
				ALWAYS_SEARCH_USER_PATHS = NO;
				CLANG_ANALYZER_NONNULL = YES;
				CLANG_ANALYZER_NUMBER_OBJECT_CONVERSION = YES_AGGRESSIVE;
				CLANG_CXX_LANGUAGE_STANDARD = "gnu++14";
				CLANG_CXX_LIBRARY = "libc++";
				CLANG_ENABLE_MODULES = YES;
				CLANG_ENABLE_OBJC_ARC = YES;
				CLANG_ENABLE_OBJC_WEAK = YES;
				CLANG_WARN_BLOCK_CAPTURE_AUTORELEASING = YES;
				CLANG_WARN_BOOL_CONVERSION = YES;
				CLANG_WARN_COMMA = YES;
				CLANG_WARN_CONSTANT_CONVERSION = YES;
				CLANG_WARN_DEPRECATED_OBJC_IMPLEMENTATIONS = YES;
				CLANG_WARN_DIRECT_OBJC_ISA_USAGE = YES_ERROR;
				CLANG_WARN_DOCUMENTATION_COMMENTS = YES;
				CLANG_WARN_EMPTY_BODY = YES;
				CLANG_WARN_ENUM_CONVERSION = YES;
				CLANG_WARN_INFINITE_RECURSION = YES;
				CLANG_WARN_INT_CONVERSION = YES;
				CLANG_WARN_NON_LITERAL_NULL_CONVERSION = YES;
				CLANG_WARN_OBJC_IMPLICIT_RETAIN_SELF = YES;
				CLANG_WARN_OBJC_LITERAL_CONVERSION = YES;
				CLANG_WARN_OBJC_ROOT_CLASS = YES_ERROR;
				CLANG_WARN_RANGE_LOOP_ANALYSIS = YES;
				CLANG_WARN_STRICT_PROTOTYPES = YES;
				CLANG_WARN_SUSPICIOUS_MOVE = YES;
				CLANG_WARN_UNGUARDED_AVAILABILITY = YES_AGGRESSIVE;
				CLANG_WARN_UNREACHABLE_CODE = YES;
				CLANG_WARN__DUPLICATE_METHOD_MATCH = YES;
				CODE_SIGN_IDENTITY = "iPhone Developer";
				COPY_PHASE_STRIP = NO;
				DEBUG_INFORMATION_FORMAT = "dwarf-with-dsym";
				ENABLE_NS_ASSERTIONS = NO;
				ENABLE_STRICT_OBJC_MSGSEND = YES;
				GCC_C_LANGUAGE_STANDARD = gnu11;
				GCC_NO_COMMON_BLOCKS = YES;
				GCC_WARN_64_TO_32_BIT_CONVERSION = YES;
				GCC_WARN_ABOUT_RETURN_TYPE = YES_ERROR;
				GCC_WARN_UNDECLARED_SELECTOR = YES;
				GCC_WARN_UNINITIALIZED_AUTOS = YES_AGGRESSIVE;
				GCC_WARN_UNUSED_FUNCTION = YES;
				GCC_WARN_UNUSED_VARIABLE = YES;
				IPHONEOS_DEPLOYMENT_TARGET = 12.4;
				MTL_ENABLE_DEBUG_INFO = NO;
				MTL_FAST_MATH = YES;
				SDKROOT = iphoneos;
				SWIFT_COMPILATION_MODE = wholemodule;
				SWIFT_OPTIMIZATION_LEVEL = "-O";
				VALIDATE_PRODUCT = YES;
			};
			name = Release;
		};
		18C188622351AD4B005E2173 /* Debug */ = {
			isa = XCBuildConfiguration;
			baseConfigurationReference = D6300E8B2B723FE7D0E801AE /* Pods-arar-tankentai.debug.xcconfig */;
			buildSettings = {
				ASSETCATALOG_COMPILER_APPICON_NAME = AppIcon;
				CODE_SIGN_IDENTITY = "iPhone Developer";
				CODE_SIGN_STYLE = Manual;
				CURRENT_PROJECT_VERSION = 1.0.0.4;
				DEVELOPMENT_TEAM = UF4PY56C4U;
				FRAMEWORK_SEARCH_PATHS = (
					"$(inherited)",
					"$(PROJECT_DIR)",
				);
				INFOPLIST_FILE = "arar-tankentai/Info.plist";
				LD_RUNPATH_SEARCH_PATHS = (
					"$(inherited)",
					"@executable_path/Frameworks",
				);
				PRODUCT_BUNDLE_IDENTIFIER = "dev.kaichan394.arar-tankentai";
				PRODUCT_NAME = "ARAR探検隊";
				PROVISIONING_PROFILE_SPECIFIER = "ARAR Tankentai";
				SWIFT_VERSION = 5.0;
				TARGETED_DEVICE_FAMILY = "1,2";
			};
			name = Debug;
		};
		18C188632351AD4B005E2173 /* Release */ = {
			isa = XCBuildConfiguration;
			baseConfigurationReference = 51B55E0699FBB54139F6C9F4 /* Pods-arar-tankentai.release.xcconfig */;
			buildSettings = {
				ASSETCATALOG_COMPILER_APPICON_NAME = AppIcon;
				CODE_SIGN_IDENTITY = "iPhone Developer";
				CODE_SIGN_STYLE = Manual;
				CURRENT_PROJECT_VERSION = 1.0.0.4;
				DEVELOPMENT_TEAM = UF4PY56C4U;
				FRAMEWORK_SEARCH_PATHS = (
					"$(inherited)",
					"$(PROJECT_DIR)",
				);
				INFOPLIST_FILE = "arar-tankentai/Info.plist";
				LD_RUNPATH_SEARCH_PATHS = (
					"$(inherited)",
					"@executable_path/Frameworks",
				);
				PRODUCT_BUNDLE_IDENTIFIER = "dev.kaichan394.arar-tankentai";
				PRODUCT_NAME = "ARAR探検隊";
				PROVISIONING_PROFILE_SPECIFIER = "ARAR Tankentai";
				SWIFT_VERSION = 5.0;
				TARGETED_DEVICE_FAMILY = "1,2";
			};
			name = Release;
		};
/* End XCBuildConfiguration section */

/* Begin XCConfigurationList section */
		18C1884A2351AD48005E2173 /* Build configuration list for PBXProject "arar-tankentai" */ = {
			isa = XCConfigurationList;
			buildConfigurations = (
				18C1885F2351AD4B005E2173 /* Debug */,
				18C188602351AD4B005E2173 /* Release */,
			);
			defaultConfigurationIsVisible = 0;
			defaultConfigurationName = Release;
		};
		18C188612351AD4B005E2173 /* Build configuration list for PBXNativeTarget "arar-tankentai" */ = {
			isa = XCConfigurationList;
			buildConfigurations = (
				18C188622351AD4B005E2173 /* Debug */,
				18C188632351AD4B005E2173 /* Release */,
			);
			defaultConfigurationIsVisible = 0;
			defaultConfigurationName = Release;
		};
/* End XCConfigurationList section */
	};
	rootObject = 18C188472351AD48005E2173 /* Project object */;
}
